// !$*UTF8*$!
{
	archiveVersion = 1;
	classes = {
	};
	objectVersion = 77;
	objects = {

/* Begin PBXBuildFile section */
		6025A5D765E97AAF72F82794 /* FirebaseStorage in Frameworks */ = {isa = PBXBuildFile; productRef = 46A777FD69180390BA65B98B /* FirebaseStorage */; };
		62A100053036EAA100281050 /* FirebaseAuth in Frameworks */ = {isa = PBXBuildFile; productRef = 62A100023036EAA100281050 /* FirebaseAuth */; };
		62A100063036EAA100281050 /* FirebaseFirestore in Frameworks */ = {isa = PBXBuildFile; productRef = 62A100033036EAA100281050 /* FirebaseFirestore */; };
		62A100073036EAA100281050 /* FirebaseAnalytics in Frameworks */ = {isa = PBXBuildFile; productRef = 62A100043036EAA100281050 /* FirebaseAnalytics */; };
		62A1000A3036EAA100281050 /* PhosphorSwift in Frameworks */ = {isa = PBXBuildFile; productRef = 62A100093036EAA100281050 /* PhosphorSwift */; };
		6980809DE5B48329BF76452F /* ScreenbaseShareExtension.appex in Embed Foundation Extensions */ = {isa = PBXBuildFile; fileRef = D290F1AE0435B33BA07A20CD /* ScreenbaseShareExtension.appex */; settings = {ATTRIBUTES = (RemoveHeadersOnCopy, ); }; };
		AFE14F54583426EDC4CC51EA /* RevenueCatUI in Frameworks */ = {isa = PBXBuildFile; productRef = 348A2F6749D5879ECDBC200D /* RevenueCatUI */; };
		B66D0068D96E27191A2B885C /* RevenueCat in Frameworks */ = {isa = PBXBuildFile; productRef = 3F72EE19A68C2050ACAE2E9B /* RevenueCat */; };
/* End PBXBuildFile section */

/* Begin PBXContainerItemProxy section */
		525F2563C818931631B8DC5B /* PBXContainerItemProxy */ = {
			isa = PBXContainerItemProxy;
			containerPortal = 6220099E3036E99900281050 /* Project object */;
			proxyType = 1;
			remoteGlobalIDString = 549EF8AC172CFCCF0604EA8F;
			remoteInfo = ScreenbaseShareExtension;
		};
		622009B63036E99A00281050 /* PBXContainerItemProxy */ = {
			isa = PBXContainerItemProxy;
			containerPortal = 6220099E3036E99900281050 /* Project object */;
			proxyType = 1;
			remoteGlobalIDString = 622009A53036E99900281050;
			remoteInfo = Screenbase;
		};
		622009C03036E99A00281050 /* PBXContainerItemProxy */ = {
			isa = PBXContainerItemProxy;
			containerPortal = 6220099E3036E99900281050 /* Project object */;
			proxyType = 1;
			remoteGlobalIDString = 622009A53036E99900281050;
			remoteInfo = Screenbase;
		};
/* End PBXContainerItemProxy section */

/* Begin PBXCopyFilesBuildPhase section */
		474F249219DA25C43FFB724C /* Embed Foundation Extensions */ = {
			isa = PBXCopyFilesBuildPhase;
			buildActionMask = 2147483647;
			dstPath = "";
			dstSubfolderSpec = 13;
			files = (
				6980809DE5B48329BF76452F /* ScreenbaseShareExtension.appex in Embed Foundation Extensions */,
			);
			name = "Embed Foundation Extensions";
			runOnlyForDeploymentPostprocessing = 0;
		};
/* End PBXCopyFilesBuildPhase section */

/* Begin PBXFileReference section */
		622009A63036E99900281050 /* Screenbase.app */ = {isa = PBXFileReference; explicitFileType = wrapper.application; includeInIndex = 0; path = Screenbase.app; sourceTree = BUILT_PRODUCTS_DIR; };
		622009B53036E99A00281050 /* ScreenbaseTests.xctest */ = {isa = PBXFileReference; explicitFileType = wrapper.cfbundle; includeInIndex = 0; path = ScreenbaseTests.xctest; sourceTree = BUILT_PRODUCTS_DIR; };
		622009BF3036E99A00281050 /* ScreenbaseUITests.xctest */ = {isa = PBXFileReference; explicitFileType = wrapper.cfbundle; includeInIndex = 0; path = ScreenbaseUITests.xctest; sourceTree = BUILT_PRODUCTS_DIR; };
		D290F1AE0435B33BA07A20CD /* ScreenbaseShareExtension.appex */ = {isa = PBXFileReference; explicitFileType = "wrapper.app-extension"; includeInIndex = 0; path = ScreenbaseShareExtension.appex; sourceTree = BUILT_PRODUCTS_DIR; };
/* End PBXFileReference section */

/* Begin PBXFileSystemSynchronizedBuildFileExceptionSet section */
		62A1000B3036EAA100281050 /* Exceptions for "Screenbase" folder in "Screenbase" target */ = {
			isa = PBXFileSystemSynchronizedBuildFileExceptionSet;
			membershipExceptions = (
				Info.plist,
			);
			target = 622009A53036E99900281050 /* Screenbase */;
		};
		F9C9AFFED371925A7B3FF442 /* Exceptions for "ScreenbaseShareExtension" folder in "ScreenbaseShareExtension" target */ = {
			isa = PBXFileSystemSynchronizedBuildFileExceptionSet;
			membershipExceptions = (
				Info.plist,
			);
			target = 549EF8AC172CFCCF0604EA8F /* ScreenbaseShareExtension */;
		};
/* End PBXFileSystemSynchronizedBuildFileExceptionSet section */

/* Begin PBXFileSystemSynchronizedRootGroup section */
		17B9158280E437AD867DE220 /* ScreenbaseShareExtension */ = {
			isa = PBXFileSystemSynchronizedRootGroup;
			exceptions = (
				F9C9AFFED371925A7B3FF442 /* Exceptions for "ScreenbaseShareExtension" folder in "ScreenbaseShareExtension" target */,
			);
			path = ScreenbaseShareExtension;
			sourceTree = "<group>";
		};
		622009A83036E99900281050 /* Screenbase */ = {
			isa = PBXFileSystemSynchronizedRootGroup;
			exceptions = (
				62A1000B3036EAA100281050 /* Exceptions for "Screenbase" folder in "Screenbase" target */,
			);
			path = Screenbase;
			sourceTree = "<group>";
		};
		622009B83036E99A00281050 /* ScreenbaseTests */ = {
			isa = PBXFileSystemSynchronizedRootGroup;
			path = ScreenbaseTests;
			sourceTree = "<group>";
		};
		622009C23036E99A00281050 /* ScreenbaseUITests */ = {
			isa = PBXFileSystemSynchronizedRootGroup;
			path = ScreenbaseUITests;
			sourceTree = "<group>";
		};
/* End PBXFileSystemSynchronizedRootGroup section */

/* Begin PBXFrameworksBuildPhase section */
		622009A33036E99900281050 /* Frameworks */ = {
			isa = PBXFrameworksBuildPhase;
			buildActionMask = 2147483647;
			files = (
				62A100053036EAA100281050 /* FirebaseAuth in Frameworks */,
				62A100063036EAA100281050 /* FirebaseFirestore in Frameworks */,
				62A100073036EAA100281050 /* FirebaseAnalytics in Frameworks */,
				62A1000A3036EAA100281050 /* PhosphorSwift in Frameworks */,
				B66D0068D96E27191A2B885C /* RevenueCat in Frameworks */,
				AFE14F54583426EDC4CC51EA /* RevenueCatUI in Frameworks */,
				6025A5D765E97AAF72F82794 /* FirebaseStorage in Frameworks */,
			);
			runOnlyForDeploymentPostprocessing = 0;
		};
		622009B23036E99A00281050 /* Frameworks */ = {
			isa = PBXFrameworksBuildPhase;
			buildActionMask = 2147483647;
			files = (
			);
			runOnlyForDeploymentPostprocessing = 0;
		};
		622009BC3036E99A00281050 /* Frameworks */ = {
			isa = PBXFrameworksBuildPhase;
			buildActionMask = 2147483647;
			files = (
			);
			runOnlyForDeploymentPostprocessing = 0;
		};
		A374A234D42B068D45087549 /* Frameworks */ = {
			isa = PBXFrameworksBuildPhase;
			buildActionMask = 2147483647;
			files = (
			);
			runOnlyForDeploymentPostprocessing = 0;
		};
/* End PBXFrameworksBuildPhase section */

/* Begin PBXGroup section */
		6220099D3036E99900281050 = {
			isa = PBXGroup;
			children = (
				622009A83036E99900281050 /* Screenbase */,
				17B9158280E437AD867DE220 /* ScreenbaseShareExtension */,
				622009B83036E99A00281050 /* ScreenbaseTests */,
				622009C23036E99A00281050 /* ScreenbaseUITests */,
				622009A73036E99900281050 /* Products */,
			);
			sourceTree = "<group>";
		};
		622009A73036E99900281050 /* Products */ = {
			isa = PBXGroup;
			children = (
				622009A63036E99900281050 /* Screenbase.app */,
				D290F1AE0435B33BA07A20CD /* ScreenbaseShareExtension.appex */,
				622009B53036E99A00281050 /* ScreenbaseTests.xctest */,
				622009BF3036E99A00281050 /* ScreenbaseUITests.xctest */,
			);
			name = Products;
			sourceTree = "<group>";
		};
/* End PBXGroup section */

/* Begin PBXNativeTarget section */
		549EF8AC172CFCCF0604EA8F /* ScreenbaseShareExtension */ = {
			isa = PBXNativeTarget;
			buildConfigurationList = ADF02C5E0F0D045A5648BB5D /* Build configuration list for PBXNativeTarget "ScreenbaseShareExtension" */;
			buildPhases = (
				B23607C9D9DA10FAAF56833F /* Sources */,
				A374A234D42B068D45087549 /* Frameworks */,
				B2C1A4549BBAE033116E4B74 /* Resources */,
			);
			buildRules = (
			);
			dependencies = (
			);
			fileSystemSynchronizedGroups = (
				17B9158280E437AD867DE220 /* ScreenbaseShareExtension */,
			);
			name = ScreenbaseShareExtension;
			packageProductDependencies = (
			);
			productName = ScreenbaseShareExtension;
			productReference = D290F1AE0435B33BA07A20CD /* ScreenbaseShareExtension.appex */;
			productType = "com.apple.product-type.app-extension";
		};
		622009A53036E99900281050 /* Screenbase */ = {
			isa = PBXNativeTarget;
			buildConfigurationList = 622009C93036E99A00281050 /* Build configuration list for PBXNativeTarget "Screenbase" */;
			buildPhases = (
				622009A23036E99900281050 /* Sources */,
				622009A33036E99900281050 /* Frameworks */,
				622009A43036E99900281050 /* Resources */,
				474F249219DA25C43FFB724C /* Embed Foundation Extensions */,
			);
			buildRules = (
			);
			dependencies = (
				525F14CA731262ADC8BFE684 /* PBXTargetDependency */,
			);
			fileSystemSynchronizedGroups = (
				622009A83036E99900281050 /* Screenbase */,
			);
			name = Screenbase;
			packageProductDependencies = (
				62A100023036EAA100281050 /* FirebaseAuth */,
				62A100033036EAA100281050 /* FirebaseFirestore */,
				62A100043036EAA100281050 /* FirebaseAnalytics */,
				62A100093036EAA100281050 /* PhosphorSwift */,
				3F72EE19A68C2050ACAE2E9B /* RevenueCat */,
				348A2F6749D5879ECDBC200D /* RevenueCatUI */,
				46A777FD69180390BA65B98B /* FirebaseStorage */,
			);
			productName = Screenbase;
			productReference = 622009A63036E99900281050 /* Screenbase.app */;
			productType = "com.apple.product-type.application";
		};
		622009B43036E99A00281050 /* ScreenbaseTests */ = {
			isa = PBXNativeTarget;
			buildConfigurationList = 622009CC3036E99A00281050 /* Build configuration list for PBXNativeTarget "ScreenbaseTests" */;
			buildPhases = (
				622009B13036E99A00281050 /* Sources */,
				622009B23036E99A00281050 /* Frameworks */,
				622009B33036E99A00281050 /* Resources */,
			);
			buildRules = (
			);
			dependencies = (
				622009B73036E99A00281050 /* PBXTargetDependency */,
			);
			fileSystemSynchronizedGroups = (
				622009B83036E99A00281050 /* ScreenbaseTests */,
			);
			name = ScreenbaseTests;
			packageProductDependencies = (
			);
			productName = ScreenbaseTests;
			productReference = 622009B53036E99A00281050 /* ScreenbaseTests.xctest */;
			productType = "com.apple.product-type.bundle.unit-test";
		};
		622009BE3036E99A00281050 /* ScreenbaseUITests */ = {
			isa = PBXNativeTarget;
			buildConfigurationList = 622009CF3036E99A00281050 /* Build configuration list for PBXNativeTarget "ScreenbaseUITests" */;
			buildPhases = (
				622009BB3036E99A00281050 /* Sources */,
				622009BC3036E99A00281050 /* Frameworks */,
				622009BD3036E99A00281050 /* Resources */,
			);
			buildRules = (
			);
			dependencies = (
				622009C13036E99A00281050 /* PBXTargetDependency */,
			);
			fileSystemSynchronizedGroups = (
				622009C23036E99A00281050 /* ScreenbaseUITests */,
			);
			name = ScreenbaseUITests;
			packageProductDependencies = (
			);
			productName = ScreenbaseUITests;
			productReference = 622009BF3036E99A00281050 /* ScreenbaseUITests.xctest */;
			productType = "com.apple.product-type.bundle.ui-testing";
		};
/* End PBXNativeTarget section */

/* Begin PBXProject section */
		6220099E3036E99900281050 /* Project object */ = {
			isa = PBXProject;
			attributes = {
				BuildIndependentTargetsInParallel = 1;
				LastSwiftUpdateCheck = 2660;
				LastUpgradeCheck = 2660;
				TargetAttributes = {
					622009A53036E99900281050 = {
						CreatedOnToolsVersion = 26.6;
					};
					622009B43036E99A00281050 = {
						CreatedOnToolsVersion = 26.6;
						TestTargetID = 622009A53036E99900281050;
					};
					622009BE3036E99A00281050 = {
						CreatedOnToolsVersion = 26.6;
						TestTargetID = 622009A53036E99900281050;
					};
				};
			};
			buildConfigurationList = 622009A13036E99900281050 /* Build configuration list for PBXProject "Screenbase" */;
			developmentRegion = en;
			hasScannedForEncodings = 0;
			knownRegions = (
				en,
				Base,
			);
			mainGroup = 6220099D3036E99900281050;
			minimizedProjectReferenceProxies = 1;
			packageReferences = (
				62A100013036EAA100281050 /* XCRemoteSwiftPackageReference "firebase-ios-sdk" */,
				62A100083036EAA100281050 /* XCRemoteSwiftPackageReference "swift" */,
				8A1FFC622A22E488EEA19F31 /* XCRemoteSwiftPackageReference "purchases-ios-spm" */,
			);
			preferredProjectObjectVersion = 77;
			productRefGroup = 622009A73036E99900281050 /* Products */;
			projectDirPath = "";
			projectRoot = "";
			targets = (
				622009A53036E99900281050 /* Screenbase */,
				549EF8AC172CFCCF0604EA8F /* ScreenbaseShareExtension */,
				622009B43036E99A00281050 /* ScreenbaseTests */,
				622009BE3036E99A00281050 /* ScreenbaseUITests */,
			);
		};
/* End PBXProject section */

/* Begin PBXResourcesBuildPhase section */
		622009A43036E99900281050 /* Resources */ = {
			isa = PBXResourcesBuildPhase;
			buildActionMask = 2147483647;
			files = (
			);
			runOnlyForDeploymentPostprocessing = 0;
		};
		622009B33036E99A00281050 /* Resources */ = {
			isa = PBXResourcesBuildPhase;
			buildActionMask = 2147483647;
			files = (
			);
			runOnlyForDeploymentPostprocessing = 0;
		};
		622009BD3036E99A00281050 /* Resources */ = {
			isa = PBXResourcesBuildPhase;
			buildActionMask = 2147483647;
			files = (
			);
			runOnlyForDeploymentPostprocessing = 0;
		};
		B2C1A4549BBAE033116E4B74 /* Resources */ = {
			isa = PBXResourcesBuildPhase;
			buildActionMask = 2147483647;
			files = (
			);
			runOnlyForDeploymentPostprocessing = 0;
		};
/* End PBXResourcesBuildPhase section */

/* Begin PBXSourcesBuildPhase section */
		622009A23036E99900281050 /* Sources */ = {
			isa = PBXSourcesBuildPhase;
			buildActionMask = 2147483647;
			files = (
			);
			runOnlyForDeploymentPostprocessing = 0;
		};
		622009B13036E99A00281050 /* Sources */ = {
			isa = PBXSourcesBuildPhase;
			buildActionMask = 2147483647;
			files = (
			);
			runOnlyForDeploymentPostprocessing = 0;
		};
		622009BB3036E99A00281050 /* Sources */ = {
			isa = PBXSourcesBuildPhase;
			buildActionMask = 2147483647;
			files = (
			);
			runOnlyForDeploymentPostprocessing = 0;
		};
		B23607C9D9DA10FAAF56833F /* Sources */ = {
			isa = PBXSourcesBuildPhase;
			buildActionMask = 2147483647;
			files = (
			);
			runOnlyForDeploymentPostprocessing = 0;
		};
/* End PBXSourcesBuildPhase section */

/* Begin PBXTargetDependency section */
		525F14CA731262ADC8BFE684 /* PBXTargetDependency */ = {
			isa = PBXTargetDependency;
			target = 549EF8AC172CFCCF0604EA8F /* ScreenbaseShareExtension */;
			targetProxy = 525F2563C818931631B8DC5B /* PBXContainerItemProxy */;
		};
		622009B73036E99A00281050 /* PBXTargetDependency */ = {
			isa = PBXTargetDependency;
			target = 622009A53036E99900281050 /* Screenbase */;
			targetProxy = 622009B63036E99A00281050 /* PBXContainerItemProxy */;
		};
		622009C13036E99A00281050 /* PBXTargetDependency */ = {
			isa = PBXTargetDependency;
			target = 622009A53036E99900281050 /* Screenbase */;
			targetProxy = 622009C03036E99A00281050 /* PBXContainerItemProxy */;
		};
/* End PBXTargetDependency section */

/* Begin XCBuildConfiguration section */
		622009C73036E99A00281050 /* Debug */ = {
			isa = XCBuildConfiguration;
			buildSettings = {
				ALWAYS_SEARCH_USER_PATHS = NO;
				ASSETCATALOG_COMPILER_GENERATE_SWIFT_ASSET_SYMBOL_EXTENSIONS = YES;
				CLANG_ANALYZER_NONNULL = YES;
				CLANG_ANALYZER_NUMBER_OBJECT_CONVERSION = YES_AGGRESSIVE;
				CLANG_CXX_LANGUAGE_STANDARD = "gnu++20";
				CLANG_ENABLE_MODULES = YES;
				CLANG_ENABLE_OBJC_ARC = YES;
				CLANG_ENABLE_OBJC_WEAK = YES;
				CLANG_WARN_BLOCK_CAPTURE_AUTORELEASING = YES;
				CLANG_WARN_BOOL_CONVERSION = YES;
				CLANG_WARN_COMMA = YES;
				CLANG_WARN_CONSTANT_CONVERSION = YES;
				CLANG_WARN_DEPRECATED_OBJC_IMPLEMENTATIONS = YES;
				CLANG_WARN_DIRECT_OBJC_ISA_USAGE = YES_ERROR;
				CLANG_WARN_DOCUMENTATION_COMMENTS = YES;
				CLANG_WARN_EMPTY_BODY = YES;
				CLANG_WARN_ENUM_CONVERSION = YES;
				CLANG_WARN_INFINITE_RECURSION = YES;
				CLANG_WARN_INT_CONVERSION = YES;
				CLANG_WARN_NON_LITERAL_NULL_CONVERSION = YES;
				CLANG_WARN_OBJC_IMPLICIT_RETAIN_SELF = YES;
				CLANG_WARN_OBJC_LITERAL_CONVERSION = YES;
				CLANG_WARN_OBJC_ROOT_CLASS = YES_ERROR;
				CLANG_WARN_QUOTED_INCLUDE_IN_FRAMEWORK_HEADER = YES;
				CLANG_WARN_RANGE_LOOP_ANALYSIS = YES;
				CLANG_WARN_STRICT_PROTOTYPES = YES;
				CLANG_WARN_SUSPICIOUS_MOVE = YES;
				CLANG_WARN_UNGUARDED_AVAILABILITY = YES_AGGRESSIVE;
				CLANG_WARN_UNREACHABLE_CODE = YES;
				CLANG_WARN__DUPLICATE_METHOD_MATCH = YES;
				COPY_PHASE_STRIP = NO;
				DEBUG_INFORMATION_FORMAT = dwarf;
				DEVELOPMENT_TEAM = J7D9ZQDSGC;
				ENABLE_STRICT_OBJC_MSGSEND = YES;
				ENABLE_TESTABILITY = YES;
				ENABLE_USER_SCRIPT_SANDBOXING = YES;
				GCC_C_LANGUAGE_STANDARD = gnu17;
				GCC_DYNAMIC_NO_PIC = NO;
				GCC_NO_COMMON_BLOCKS = YES;
				GCC_OPTIMIZATION_LEVEL = 0;
				GCC_PREPROCESSOR_DEFINITIONS = (
					"DEBUG=1",
					"$(inherited)",
				);
				GCC_WARN_64_TO_32_BIT_CONVERSION = YES;
				GCC_WARN_ABOUT_RETURN_TYPE = YES_ERROR;
				GCC_WARN_UNDECLARED_SELECTOR = YES;
				GCC_WARN_UNINITIALIZED_AUTOS = YES_AGGRESSIVE;
				GCC_WARN_UNUSED_FUNCTION = YES;
				GCC_WARN_UNUSED_VARIABLE = YES;
				IPHONEOS_DEPLOYMENT_TARGET = 26.5;
				LOCALIZATION_PREFERS_STRING_CATALOGS = YES;
				MTL_ENABLE_DEBUG_INFO = INCLUDE_SOURCE;
				MTL_FAST_MATH = YES;
				ONLY_ACTIVE_ARCH = YES;
				SDKROOT = iphoneos;
				SWIFT_ACTIVE_COMPILATION_CONDITIONS = "DEBUG $(inherited)";
				SWIFT_OPTIMIZATION_LEVEL = "-Onone";
			};
			name = Debug;
		};
		622009C83036E99A00281050 /* Release */ = {
			isa = XCBuildConfiguration;
			buildSettings = {
				ALWAYS_SEARCH_USER_PATHS = NO;
				ASSETCATALOG_COMPILER_GENERATE_SWIFT_ASSET_SYMBOL_EXTENSIONS = YES;
				CLANG_ANALYZER_NONNULL = YES;
				CLANG_ANALYZER_NUMBER_OBJECT_CONVERSION = YES_AGGRESSIVE;
				CLANG_CXX_LANGUAGE_STANDARD = "gnu++20";
				CLANG_ENABLE_MODULES = YES;
				CLANG_ENABLE_OBJC_ARC = YES;
				CLANG_ENABLE_OBJC_WEAK = YES;
				CLANG_WARN_BLOCK_CAPTURE_AUTORELEASING = YES;
				CLANG_WARN_BOOL_CONVERSION = YES;
				CLANG_WARN_COMMA = YES;
				CLANG_WARN_CONSTANT_CONVERSION = YES;
				CLANG_WARN_DEPRECATED_OBJC_IMPLEMENTATIONS = YES;
				CLANG_WARN_DIRECT_OBJC_ISA_USAGE = YES_ERROR;
				CLANG_WARN_DOCUMENTATION_COMMENTS = YES;
				CLANG_WARN_EMPTY_BODY = YES;
				CLANG_WARN_ENUM_CONVERSION = YES;
				CLANG_WARN_INFINITE_RECURSION = YES;
				CLANG_WARN_INT_CONVERSION = YES;
				CLANG_WARN_NON_LITERAL_NULL_CONVERSION = YES;
				CLANG_WARN_OBJC_IMPLICIT_RETAIN_SELF = YES;
				CLANG_WARN_OBJC_LITERAL_CONVERSION = YES;
				CLANG_WARN_OBJC_ROOT_CLASS = YES_ERROR;
				CLANG_WARN_QUOTED_INCLUDE_IN_FRAMEWORK_HEADER = YES;
				CLANG_WARN_RANGE_LOOP_ANALYSIS = YES;
				CLANG_WARN_STRICT_PROTOTYPES = YES;
				CLANG_WARN_SUSPICIOUS_MOVE = YES;
				CLANG_WARN_UNGUARDED_AVAILABILITY = YES_AGGRESSIVE;
				CLANG_WARN_UNREACHABLE_CODE = YES;
				CLANG_WARN__DUPLICATE_METHOD_MATCH = YES;
				COPY_PHASE_STRIP = NO;
				DEBUG_INFORMATION_FORMAT = "dwarf-with-dsym";
				DEVELOPMENT_TEAM = J7D9ZQDSGC;
				ENABLE_NS_ASSERTIONS = NO;
				ENABLE_STRICT_OBJC_MSGSEND = YES;
				ENABLE_USER_SCRIPT_SANDBOXING = YES;
				GCC_C_LANGUAGE_STANDARD = gnu17;
				GCC_NO_COMMON_BLOCKS = YES;
				GCC_WARN_64_TO_32_BIT_CONVERSION = YES;
				GCC_WARN_ABOUT_RETURN_TYPE = YES_ERROR;
				GCC_WARN_UNDECLARED_SELECTOR = YES;
				GCC_WARN_UNINITIALIZED_AUTOS = YES_AGGRESSIVE;
				GCC_WARN_UNUSED_FUNCTION = YES;
				GCC_WARN_UNUSED_VARIABLE = YES;
				IPHONEOS_DEPLOYMENT_TARGET = 26.5;
				LOCALIZATION_PREFERS_STRING_CATALOGS = YES;
				MTL_ENABLE_DEBUG_INFO = NO;
				MTL_FAST_MATH = YES;
				SDKROOT = iphoneos;
				SWIFT_COMPILATION_MODE = wholemodule;
				VALIDATE_PRODUCT = YES;
			};
			name = Release;
		};
		622009CA3036E99A00281050 /* Debug */ = {
			isa = XCBuildConfiguration;
			buildSettings = {
				ASSETCATALOG_COMPILER_APPICON_NAME = ScreenbaseAppIcon;
				ASSETCATALOG_COMPILER_GLOBAL_ACCENT_COLOR_NAME = AccentColor;
				CODE_SIGN_ENTITLEMENTS = Screenbase/Screenbase.entitlements;
				CODE_SIGN_STYLE = Automatic;
				CURRENT_PROJECT_VERSION = 1;
				DEVELOPMENT_TEAM = J7D9ZQDSGC;
				ENABLE_PREVIEWS = YES;
				GENERATE_INFOPLIST_FILE = YES;
				INFOPLIST_FILE = Screenbase/Info.plist;
				INFOPLIST_KEY_CFBundleDisplayName = Screenbase;
				INFOPLIST_KEY_LSApplicationCategoryType = "public.app-category.utilities";
				INFOPLIST_KEY_NSPhotoLibraryAddUsageDescription = "Screenbase only reads screenshots from Photos. Originals stay in your library.";
				INFOPLIST_KEY_NSPhotoLibraryUsageDescription = "Screenbase finds screenshots already in Photos so you can annotate and organize them. Originals stay in Photos and are never uploaded.";
				INFOPLIST_KEY_UIApplicationSceneManifest_Generation = YES;
				INFOPLIST_KEY_UIApplicationSupportsIndirectInputEvents = YES;
				INFOPLIST_KEY_UILaunchScreen_Generation = YES;
				INFOPLIST_KEY_UISupportedInterfaceOrientations = UIInterfaceOrientationPortrait;
				INFOPLIST_KEY_UISupportedInterfaceOrientations_iPad = "UIInterfaceOrientationLandscapeLeft UIInterfaceOrientationLandscapeRight UIInterfaceOrientationPortrait UIInterfaceOrientationPortraitUpsideDown";
				IPHONEOS_DEPLOYMENT_TARGET = 26.0;
				LD_RUNPATH_SEARCH_PATHS = (
					"$(inherited)",
					"@executable_path/Frameworks",
				);
				MARKETING_VERSION = 1.0.0;
				OTHER_LDFLAGS = "-ObjC";
				PRODUCT_BUNDLE_IDENTIFIER = com.getscreenbase.Screenbase;
				PRODUCT_NAME = "$(TARGET_NAME)";
				STRING_CATALOG_GENERATE_SYMBOLS = YES;
				SUPPORTED_PLATFORMS = "iphoneos iphonesimulator";
				SUPPORTS_MACCATALYST = NO;
				SUPPORTS_MAC_DESIGNED_FOR_IPHONE_IPAD = NO;
				SUPPORTS_XR_DESIGNED_FOR_IPHONE_IPAD = NO;
				SWIFT_ACTIVE_COMPILATION_CONDITIONS = "DEBUG DEV $(inherited)";
				SWIFT_APPROACHABLE_CONCURRENCY = YES;
				SWIFT_DEFAULT_ACTOR_ISOLATION = MainActor;
				SWIFT_EMIT_LOC_STRINGS = YES;
				SWIFT_UPCOMING_FEATURE_MEMBER_IMPORT_VISIBILITY = YES;
				SWIFT_VERSION = 5.0;
				TARGETED_DEVICE_FAMILY = 1;
			};
			name = Debug;
		};
		622009CB3036E99A00281050 /* Release */ = {
			isa = XCBuildConfiguration;
			buildSettings = {
				ASSETCATALOG_COMPILER_APPICON_NAME = ScreenbaseAppIcon;
				ASSETCATALOG_COMPILER_GLOBAL_ACCENT_COLOR_NAME = AccentColor;
				CODE_SIGN_ENTITLEMENTS = Screenbase/Screenbase.entitlements;
				CODE_SIGN_STYLE = Automatic;
				CURRENT_PROJECT_VERSION = 1;
				DEVELOPMENT_TEAM = J7D9ZQDSGC;
				ENABLE_PREVIEWS = YES;
				GENERATE_INFOPLIST_FILE = YES;
				INFOPLIST_FILE = Screenbase/Info.plist;
				INFOPLIST_KEY_CFBundleDisplayName = Screenbase;
				INFOPLIST_KEY_LSApplicationCategoryType = "public.app-category.utilities";
				INFOPLIST_KEY_NSPhotoLibraryAddUsageDescription = "Screenbase only reads screenshots from Photos. Originals stay in your library.";
				INFOPLIST_KEY_NSPhotoLibraryUsageDescription = "Screenbase finds screenshots already in Photos so you can annotate and organize them. Originals stay in Photos and are never uploaded.";
				INFOPLIST_KEY_UIApplicationSceneManifest_Generation = YES;
				INFOPLIST_KEY_UIApplicationSupportsIndirectInputEvents = YES;
				INFOPLIST_KEY_UILaunchScreen_Generation = YES;
				INFOPLIST_KEY_UISupportedInterfaceOrientations = UIInterfaceOrientationPortrait;
				INFOPLIST_KEY_UISupportedInterfaceOrientations_iPad = "UIInterfaceOrientationLandscapeLeft UIInterfaceOrientationLandscapeRight UIInterfaceOrientationPortrait UIInterfaceOrientationPortraitUpsideDown";
				IPHONEOS_DEPLOYMENT_TARGET = 26.0;
				LD_RUNPATH_SEARCH_PATHS = (
					"$(inherited)",
					"@executable_path/Frameworks",
				);
				MARKETING_VERSION = 1.0.0;
				OTHER_LDFLAGS = "-ObjC";
				PRODUCT_BUNDLE_IDENTIFIER = com.getscreenbase.Screenbase;
				PRODUCT_NAME = "$(TARGET_NAME)";
				STRING_CATALOG_GENERATE_SYMBOLS = YES;
				SUPPORTED_PLATFORMS = "iphoneos iphonesimulator";
				SUPPORTS_MACCATALYST = NO;
				SUPPORTS_MAC_DESIGNED_FOR_IPHONE_IPAD = NO;
				SUPPORTS_XR_DESIGNED_FOR_IPHONE_IPAD = NO;
				SWIFT_APPROACHABLE_CONCURRENCY = YES;
				SWIFT_DEFAULT_ACTOR_ISOLATION = MainActor;
				SWIFT_EMIT_LOC_STRINGS = YES;
				SWIFT_UPCOMING_FEATURE_MEMBER_IMPORT_VISIBILITY = YES;
				SWIFT_VERSION = 5.0;
				TARGETED_DEVICE_FAMILY = 1;
			};
			name = Release;
		};
		622009CD3036E99A00281050 /* Debug */ = {
			isa = XCBuildConfiguration;
			buildSettings = {
				BUNDLE_LOADER = "$(TEST_HOST)";
				CODE_SIGN_STYLE = Automatic;
				CURRENT_PROJECT_VERSION = 1;
				DEVELOPMENT_TEAM = J7D9ZQDSGC;
				GENERATE_INFOPLIST_FILE = YES;
				IPHONEOS_DEPLOYMENT_TARGET = 26.5;
				MARKETING_VERSION = 1.0;
				PRODUCT_BUNDLE_IDENTIFIER = com.getscreenbase.ScreenbaseTests;
				PRODUCT_NAME = "$(TARGET_NAME)";
				STRING_CATALOG_GENERATE_SYMBOLS = NO;
				SWIFT_APPROACHABLE_CONCURRENCY = YES;
				SWIFT_EMIT_LOC_STRINGS = NO;
				SWIFT_UPCOMING_FEATURE_MEMBER_IMPORT_VISIBILITY = YES;
				SWIFT_VERSION = 5.0;
				TARGETED_DEVICE_FAMILY = "1,2";
				TEST_HOST = "$(BUILT_PRODUCTS_DIR)/Screenbase.app/$(BUNDLE_EXECUTABLE_FOLDER_PATH)/Screenbase";
			};
			name = Debug;
		};
		622009CE3036E99A00281050 /* Release */ = {
			isa = XCBuildConfiguration;
			buildSettings = {
				BUNDLE_LOADER = "$(TEST_HOST)";
				CODE_SIGN_STYLE = Automatic;
				CURRENT_PROJECT_VERSION = 1;
				DEVELOPMENT_TEAM = J7D9ZQDSGC;
				GENERATE_INFOPLIST_FILE = YES;
				IPHONEOS_DEPLOYMENT_TARGET = 26.5;
				MARKETING_VERSION = 1.0;
				PRODUCT_BUNDLE_IDENTIFIER = com.getscreenbase.ScreenbaseTests;
				PRODUCT_NAME = "$(TARGET_NAME)";
				STRING_CATALOG_GENERATE_SYMBOLS = NO;
				SWIFT_APPROACHABLE_CONCURRENCY = YES;
				SWIFT_EMIT_LOC_STRINGS = NO;
				SWIFT_UPCOMING_FEATURE_MEMBER_IMPORT_VISIBILITY = YES;
				SWIFT_VERSION = 5.0;
				TARGETED_DEVICE_FAMILY = "1,2";
				TEST_HOST = "$(BUILT_PRODUCTS_DIR)/Screenbase.app/$(BUNDLE_EXECUTABLE_FOLDER_PATH)/Screenbase";
			};
			name = Release;
		};
		622009D03036E99A00281050 /* Debug */ = {
			isa = XCBuildConfiguration;
			buildSettings = {
				CODE_SIGN_STYLE = Automatic;
				CURRENT_PROJECT_VERSION = 1;
				DEVELOPMENT_TEAM = J7D9ZQDSGC;
				GENERATE_INFOPLIST_FILE = YES;
				MARKETING_VERSION = 1.0;
				PRODUCT_BUNDLE_IDENTIFIER = com.getscreenbase.ScreenbaseUITests;
				PRODUCT_NAME = "$(TARGET_NAME)";
				STRING_CATALOG_GENERATE_SYMBOLS = NO;
				SWIFT_APPROACHABLE_CONCURRENCY = YES;
				SWIFT_EMIT_LOC_STRINGS = NO;
				SWIFT_UPCOMING_FEATURE_MEMBER_IMPORT_VISIBILITY = YES;
				SWIFT_VERSION = 5.0;
				TARGETED_DEVICE_FAMILY = "1,2";
				TEST_TARGET_NAME = Screenbase;
			};
			name = Debug;
		};
		622009D13036E99A00281050 /* Release */ = {
			isa = XCBuildConfiguration;
			buildSettings = {
				CODE_SIGN_STYLE = Automatic;
				CURRENT_PROJECT_VERSION = 1;
				DEVELOPMENT_TEAM = J7D9ZQDSGC;
				GENERATE_INFOPLIST_FILE = YES;
				MARKETING_VERSION = 1.0;
				PRODUCT_BUNDLE_IDENTIFIER = com.getscreenbase.ScreenbaseUITests;
				PRODUCT_NAME = "$(TARGET_NAME)";
				STRING_CATALOG_GENERATE_SYMBOLS = NO;
				SWIFT_APPROACHABLE_CONCURRENCY = YES;
				SWIFT_EMIT_LOC_STRINGS = NO;
				SWIFT_UPCOMING_FEATURE_MEMBER_IMPORT_VISIBILITY = YES;
				SWIFT_VERSION = 5.0;
				TARGETED_DEVICE_FAMILY = "1,2";
				TEST_TARGET_NAME = Screenbase;
			};
			name = Release;
		};
		9820D5CF6583EE5FC906ACE3 /* Release */ = {
			isa = XCBuildConfiguration;
			buildSettings = {
				CODE_SIGN_ENTITLEMENTS = ScreenbaseShareExtension/ScreenbaseShareExtension.entitlements;
				CODE_SIGN_STYLE = Automatic;
				CURRENT_PROJECT_VERSION = 1;
				DEVELOPMENT_TEAM = J7D9ZQDSGC;
				GENERATE_INFOPLIST_FILE = NO;
				INFOPLIST_FILE = ScreenbaseShareExtension/Info.plist;
				IPHONEOS_DEPLOYMENT_TARGET = 26.0;
				LD_RUNPATH_SEARCH_PATHS = (
					"$(inherited)",
					"@executable_path/Frameworks",
					"@executable_path/../../Frameworks",
				);
				MARKETING_VERSION = 1.0.0;
				PRODUCT_BUNDLE_IDENTIFIER = com.getscreenbase.Screenbase.ShareExtension;
				PRODUCT_NAME = "$(TARGET_NAME)";
				SKIP_INSTALL = YES;
				SUPPORTED_PLATFORMS = "iphoneos iphonesimulator";
				SUPPORTS_MACCATALYST = NO;
				SWIFT_APPROACHABLE_CONCURRENCY = YES;
				SWIFT_DEFAULT_ACTOR_ISOLATION = MainActor;
				SWIFT_EMIT_LOC_STRINGS = YES;
				SWIFT_UPCOMING_FEATURE_MEMBER_IMPORT_VISIBILITY = YES;
				SWIFT_VERSION = 5.0;
				TARGETED_DEVICE_FAMILY = 1;
			};
			name = Release;
		};
		ED65A8E023D8A995DE8089CA /* Debug */ = {
			isa = XCBuildConfiguration;
			buildSettings = {
				CODE_SIGN_ENTITLEMENTS = ScreenbaseShareExtension/ScreenbaseShareExtension.entitlements;
				CODE_SIGN_STYLE = Automatic;
				CURRENT_PROJECT_VERSION = 1;
				DEVELOPMENT_TEAM = J7D9ZQDSGC;
				GENERATE_INFOPLIST_FILE = NO;
				INFOPLIST_FILE = ScreenbaseShareExtension/Info.plist;
				IPHONEOS_DEPLOYMENT_TARGET = 26.0;
				LD_RUNPATH_SEARCH_PATHS = (
					"$(inherited)",
					"@executable_path/Frameworks",
					"@executable_path/../../Frameworks",
				);
				MARKETING_VERSION = 1.0.0;
				PRODUCT_BUNDLE_IDENTIFIER = com.getscreenbase.Screenbase.ShareExtension;
				PRODUCT_NAME = "$(TARGET_NAME)";
				SKIP_INSTALL = YES;
				SUPPORTED_PLATFORMS = "iphoneos iphonesimulator";
				SUPPORTS_MACCATALYST = NO;
				SWIFT_APPROACHABLE_CONCURRENCY = YES;
				SWIFT_DEFAULT_ACTOR_ISOLATION = MainActor;
				SWIFT_EMIT_LOC_STRINGS = YES;
				SWIFT_UPCOMING_FEATURE_MEMBER_IMPORT_VISIBILITY = YES;
				SWIFT_VERSION = 5.0;
				TARGETED_DEVICE_FAMILY = 1;
			};
			name = Debug;
		};
/* End XCBuildConfiguration section */

/* Begin XCConfigurationList section */
		622009A13036E99900281050 /* Build configuration list for PBXProject "Screenbase" */ = {
			isa = XCConfigurationList;
			buildConfigurations = (
				622009C73036E99A00281050 /* Debug */,
				622009C83036E99A00281050 /* Release */,
			);
			defaultConfigurationIsVisible = 0;
			defaultConfigurationName = Release;
		};
		622009C93036E99A00281050 /* Build configuration list for PBXNativeTarget "Screenbase" */ = {
			isa = XCConfigurationList;
			buildConfigurations = (
				622009CA3036E99A00281050 /* Debug */,
				622009CB3036E99A00281050 /* Release */,
			);
			defaultConfigurationIsVisible = 0;
			defaultConfigurationName = Release;
		};
		622009CC3036E99A00281050 /* Build configuration list for PBXNativeTarget "ScreenbaseTests" */ = {
			isa = XCConfigurationList;
			buildConfigurations = (
				622009CD3036E99A00281050 /* Debug */,
				622009CE3036E99A00281050 /* Release */,
			);
			defaultConfigurationIsVisible = 0;
			defaultConfigurationName = Release;
		};
		622009CF3036E99A00281050 /* Build configuration list for PBXNativeTarget "ScreenbaseUITests" */ = {
			isa = XCConfigurationList;
			buildConfigurations = (
				622009D03036E99A00281050 /* Debug */,
				622009D13036E99A00281050 /* Release */,
			);
			defaultConfigurationIsVisible = 0;
			defaultConfigurationName = Release;
		};
		ADF02C5E0F0D045A5648BB5D /* Build configuration list for PBXNativeTarget "ScreenbaseShareExtension" */ = {
			isa = XCConfigurationList;
			buildConfigurations = (
				ED65A8E023D8A995DE8089CA /* Debug */,
				9820D5CF6583EE5FC906ACE3 /* Release */,
			);
			defaultConfigurationIsVisible = 0;
			defaultConfigurationName = Release;
		};
/* End XCConfigurationList section */

/* Begin XCRemoteSwiftPackageReference section */
		62A100013036EAA100281050 /* XCRemoteSwiftPackageReference "firebase-ios-sdk" */ = {
			isa = XCRemoteSwiftPackageReference;
			repositoryURL = "https://github.com/firebase/firebase-ios-sdk";
			requirement = {
				kind = upToNextMajorVersion;
				minimumVersion = 12.12.1;
			};
		};
		62A100083036EAA100281050 /* XCRemoteSwiftPackageReference "swift" */ = {
			isa = XCRemoteSwiftPackageReference;
			repositoryURL = "https://github.com/phosphor-icons/swift";
			requirement = {
				kind = upToNextMajorVersion;
				minimumVersion = 2.0.0;
			};
		};
		8A1FFC622A22E488EEA19F31 /* XCRemoteSwiftPackageReference "purchases-ios-spm" */ = {
			isa = XCRemoteSwiftPackageReference;
			repositoryURL = "https://github.com/RevenueCat/purchases-ios-spm.git";
			requirement = {
				kind = upToNextMajorVersion;
				minimumVersion = 5.0.0;
			};
		};
/* End XCRemoteSwiftPackageReference section */

/* Begin XCSwiftPackageProductDependency section */
		348A2F6749D5879ECDBC200D /* RevenueCatUI */ = {
			isa = XCSwiftPackageProductDependency;
			package = 8A1FFC622A22E488EEA19F31 /* XCRemoteSwiftPackageReference "purchases-ios-spm" */;
			productName = RevenueCatUI;
		};
		3F72EE19A68C2050ACAE2E9B /* RevenueCat */ = {
			isa = XCSwiftPackageProductDependency;
			package = 8A1FFC622A22E488EEA19F31 /* XCRemoteSwiftPackageReference "purchases-ios-spm" */;
			productName = RevenueCat;
		};
		46A777FD69180390BA65B98B /* FirebaseStorage */ = {
			isa = XCSwiftPackageProductDependency;
			package = 62A100013036EAA100281050 /* XCRemoteSwiftPackageReference "firebase-ios-sdk" */;
			productName = FirebaseStorage;
		};
		62A100023036EAA100281050 /* FirebaseAuth */ = {
			isa = XCSwiftPackageProductDependency;
			package = 62A100013036EAA100281050 /* XCRemoteSwiftPackageReference "firebase-ios-sdk" */;
			productName = FirebaseAuth;
		};
		62A100033036EAA100281050 /* FirebaseFirestore */ = {
			isa = XCSwiftPackageProductDependency;
			package = 62A100013036EAA100281050 /* XCRemoteSwiftPackageReference "firebase-ios-sdk" */;
			productName = FirebaseFirestore;
		};
		62A100043036EAA100281050 /* FirebaseAnalytics */ = {
			isa = XCSwiftPackageProductDependency;
			package = 62A100013036EAA100281050 /* XCRemoteSwiftPackageReference "firebase-ios-sdk" */;
			productName = FirebaseAnalytics;
		};
		62A100093036EAA100281050 /* PhosphorSwift */ = {
			isa = XCSwiftPackageProductDependency;
			package = 62A100083036EAA100281050 /* XCRemoteSwiftPackageReference "swift" */;
			productName = PhosphorSwift;
		};
/* End XCSwiftPackageProductDependency section */
	};
	rootObject = 6220099E3036E99900281050 /* Project object */;
}
